# THIS IS AN AUTOGENERATED FILE. DO NOT EDIT THIS FILE DIRECTLY.
# yarn lockfile v1


"@coderline/alphatab@^1.2.3":
  version "1.2.3"
  resolved "https://registry.yarnpkg.com/@coderline/alphatab/-/alphatab-1.2.3.tgz#1ddc38ca5157cdd8166e4b954597d598de9b732d"
  integrity sha512-qAJqEO9DDUhEqtBM5b8FeIg8EoY7HElNN2Tm23oGjzchGU2bD4Jyk/KBgHqvvXm8ZTuJE9G0Nga68qxPMAnwhw==

"@esbuild/android-arm@0.15.14":
  version "0.15.14"
  resolved "https://registry.yarnpkg.com/@esbuild/android-arm/-/android-arm-0.15.14.tgz#5d0027f920eeeac313c01fd6ecb8af50c306a466"
  integrity sha512-+Rb20XXxRGisNu2WmNKk+scpanb7nL5yhuI1KR9wQFiC43ddPj/V1fmNyzlFC9bKiG4mYzxW7egtoHVcynr+OA==

"@esbuild/linux-loong64@0.15.14":
  version "0.15.14"
  resolved "https://registry.yarnpkg.com/@esbuild/linux-loong64/-/linux-loong64-0.15.14.tgz#1221684955c44385f8af34f7240088b7dc08d19d"
  integrity sha512-eQi9rosGNVQFJyJWV0HCA5WZae/qWIQME7s8/j8DMvnylfBv62Pbu+zJ2eUDqNf2O4u3WB+OEXyfkpBoe194sg==

"@pixi/accessibility@7.0.4":
  version "7.0.4"
  resolved "https://registry.yarnpkg.com/@pixi/accessibility/-/accessibility-7.0.4.tgz#edf5f7f62f881b856691fb56c0eca14985866a6d"
  integrity sha512-ExwRleeR1uWAOsbMg1bshh7OwYsnecIRpxdtkSYcxcCkk0ZNyjm6Z4WrQ3B170DpGMUy/5cZa6WnVok0a2OxMA==

"@pixi/app@7.0.4":
  version "7.0.4"
  resolved "https://registry.yarnpkg.com/@pixi/app/-/app-7.0.4.tgz#0503f0add67c47875f19526e4cca388a2d5aecec"
  integrity sha512-HXQHcLFNKm1d1IY0i2VigwgVxLO0ODS29TPhQv4m1q/w7FbgW2dWa0oDQS0ei0Bl/tlExd296YSrGfnbfw4Ypw==

"@pixi/assets@7.0.4":
  version "7.0.4"
  resolved "https://registry.yarnpkg.com/@pixi/assets/-/assets-7.0.4.tgz#a24febfc3957495f91a0dc575e05c3a7e50fc296"
  integrity sha512-SsF8oVY3FTBP5sy2KkrmYhlN3NNQSKdo+pttqWzuNA0bfl431q/6dytSYTWOHkKwhk5n+eAIZflQVuBht4X4aA==
  dependencies:
    "@types/css-font-loading-module" "^0.0.7"

"@pixi/compressed-textures@7.0.4":
  version "7.0.4"
  resolved "https://registry.yarnpkg.com/@pixi/compressed-textures/-/compressed-textures-7.0.4.tgz#a357eb9f57739c755917c88969dce0daef315753"
  integrity sha512-N04PAsvRqGL1WhFmr3A+qCWAlJuJOxMr04w3eLY+gD9a5fQjB8XYgeeEOuz/hJ+qWRFhGwhYUo2F0MrQg5d24Q==

"@pixi/constants@7.0.4":
  version "7.0.4"
  resolved "https://registry.yarnpkg.com/@pixi/constants/-/constants-7.0.4.tgz#6910b5b852e0e13b4c686ed2837f614305cddbe9"
  integrity sha512-HS8fvDZ4jn7jeEPeYfrB0bPSLW6yfVWxQwXUX6BAQOhpEZXlPpa3uKwl+wxhVh+9OGXBvlMcbxZTPEDMdB6xJQ==

"@pixi/core@7.0.4":
  version "7.0.4"
  resolved "https://registry.yarnpkg.com/@pixi/core/-/core-7.0.4.tgz#a9fd4cfbf5b807af0774b4ce5528c38ae070a5b8"
  integrity sha512-tM0Cz8r9EFivBoGnYQ1043of9Qp4Usr7YQ0vK29rF2HInNannrTFO2F/tXBoClRsCJUw0Y2R8C4n06tAovGiWg==
  dependencies:
    "@pixi/constants" "7.0.4"
    "@pixi/extensions" "7.0.4"
    "@pixi/math" "7.0.4"
    "@pixi/runner" "7.0.4"
    "@pixi/settings" "7.0.4"
    "@pixi/ticker" "7.0.4"
    "@pixi/utils" "7.0.4"
    "@types/offscreencanvas" "^2019.6.4"

"@pixi/display@7.0.4":
  version "7.0.4"
  resolved "https://registry.yarnpkg.com/@pixi/display/-/display-7.0.4.tgz#8e8babb98ec20c4b74f81652fc4977ae6ff99037"
  integrity sha512-mYz1j+bIOqDdd3tR7/B6hhCgfY1fvkGsCcespW3y8i3dHBgcO/PFggmpy3Op4yx/b2f8w4HkCm8ssvwx585kxg==

"@pixi/events@7.0.4":
  version "7.0.4"
  resolved "https://registry.yarnpkg.com/@pixi/events/-/events-7.0.4.tgz#1c5c64036960283201b6f9a2a9764bf6f5592a6d"
  integrity sha512-EQyEeo8ajsHgvDY9MqnI8V6D+/9cJDZZvjDAAMVeVs5W3aJ05LcWEXRRL9CnlwLld0qfuv2eFbeHznl0yMVXXg==

"@pixi/extensions@7.0.4":
  version "7.0.4"
  resolved "https://registry.yarnpkg.com/@pixi/extensions/-/extensions-7.0.4.tgz#f52d75d9e0a056313fd6f2d9fc11616b1adbc742"
  integrity sha512-NRwQ+R1nctH98u0h4mUTwYsqC72t7MakUPgJ8b51HslMAHerfqhymntX/E4f3pFuulSWAnsbR5sEVAee9b1XDw==

"@pixi/extract@7.0.4":
  version "7.0.4"
  resolved "https://registry.yarnpkg.com/@pixi/extract/-/extract-7.0.4.tgz#b8c511b02c568dd712f406f135d635f23ff0fdcf"
  integrity sha512-fchsSpkxHDQBKlQHwF0bVH69ZhI1Z+2rRoZn6ninAMU9QrliUSotrQDrq9Oh0kJAQUmBaQClnEM9IFDzIHwV2A==

"@pixi/filter-alpha@7.0.4":
  version "7.0.4"
  resolved "https://registry.yarnpkg.com/@pixi/filter-alpha/-/filter-alpha-7.0.4.tgz#8b4b75e0b6269d1d5bbc4188222bb35d9d3dcc6b"
  integrity sha512-IgBLVZQVryGVVAEvcrmj13VYnSBS57z6eRKi4QPjrpAzv1G4dP1nJSgT8HQjn18OF/UN7dfxt21Y3fsG7o+y/Q==

"@pixi/filter-blur@7.0.4":
  version "7.0.4"
  resolved "https://registry.yarnpkg.com/@pixi/filter-blur/-/filter-blur-7.0.4.tgz#5d60129a4d114df4ed308250fdc1bc1ee536ccb7"
  integrity sha512-zzgDN9ipooPNbLm3CbtqL+/rN92Gml0oOYWUDy7qulTlHDCXw8BRZ6RnWnY6KBZS3LzuSIGv0GLXYdeBGnY+6w==

"@pixi/filter-color-matrix@7.0.4":
  version "7.0.4"
  resolved "https://registry.yarnpkg.com/@pixi/filter-color-matrix/-/filter-color-matrix-7.0.4.tgz#75ce7d9467f7effb4191016fad8303e26b5c336e"
  integrity sha512-ROT4QCTRnCm1AwE5zdU0PPK1vDrtJHNF3FSRJ+qEGgRVRoG4io6uh8AaM6PAqDpAODLp4TN45eU25Sg6Q4A/rQ==

"@pixi/filter-displacement@7.0.4":
  version "7.0.4"
  resolved "https://registry.yarnpkg.com/@pixi/filter-displacement/-/filter-displacement-7.0.4.tgz#2ae87700d022269b8ceb8e3ea97cbf769a0a19fb"
  integrity sha512-tSX78DqsjdQQmpGAFBONcO40jx/Ia4FT1KxPAN2TTzhOxjNK9mbe/wlP01Sw2t3uiKj6xKLeQS80dyKMulhrUQ==

"@pixi/filter-fxaa@7.0.4":
  version "7.0.4"
  resolved "https://registry.yarnpkg.com/@pixi/filter-fxaa/-/filter-fxaa-7.0.4.tgz#2b69a1650a14a797f7ca45147be4e5eed6ca2d1e"
  integrity sha512-wVdhDJgAbWQs+bEcZ26dNBApuDsyHqsrSkNhn4lVl7i3Hc1xm505w7aWWT/6rL9cR6S5W3ss/k6kSahbjmVBIg==

"@pixi/filter-noise@7.0.4":
  version "7.0.4"
  resolved "https://registry.yarnpkg.com/@pixi/filter-noise/-/filter-noise-7.0.4.tgz#37854f6db2e53f984239f3cdea135832cc6b6f05"
  integrity sha512-UBsBaLFV0v5KGvcDCsaRyrNZXHirFLVdGgwPbeDpiJLvyPu1bTfoxeImu+c8okKivwbho2oomXIU374KFa/BvA==

"@pixi/graphics@7.0.4":
  version "7.0.4"
  resolved "https://registry.yarnpkg.com/@pixi/graphics/-/graphics-7.0.4.tgz#09fa373be449420ad586844ec97e478ac959fee8"
  integrity sha512-k6hnScltWw1dZf6C6/cyKBEUOaddd10AMon2fJbW5a903igirarncDZEg3mrMh0Tku7vIp4o6afZ7a+p0ocptQ==

"@pixi/math@7.0.4":
  version "7.0.4"
  resolved "https://registry.yarnpkg.com/@pixi/math/-/math-7.0.4.tgz#14b96ae4c4797fd52b9e019cbd40c0fd4523ee63"
  integrity sha512-tk9PyqdNi9EB0fjpwVfR4ZPUpuy8UjBqOLwTGM3v4MpAPP6uYK76rZLPSsGpx3Pe7BldS1HDnBC4U6CbK/eebw==

"@pixi/mesh-extras@7.0.4":
  version "7.0.4"
  resolved "https://registry.yarnpkg.com/@pixi/mesh-extras/-/mesh-extras-7.0.4.tgz#03ebebbc5375b2afad2dcf295d999bd51da18875"
  integrity sha512-nTvg5T5BM1BjKWg0XrO8gxSudPmPAXRLwSjqtNzgmeSsLFN8IN+TCrUq2pb9sbU8yUrT0xqXRfctyPW2lU69ow==

"@pixi/mesh@7.0.4":
  version "7.0.4"
  resolved "https://registry.yarnpkg.com/@pixi/mesh/-/mesh-7.0.4.tgz#d03b93bb71305fabeec764058ec58ae7e1cf572d"
  integrity sha512-DIlzG6hKppYl6OucxNNyEGSQHYCa+zPckMEcb9tIW/OkxALM2NyuFCz7lDocNgWHvicsCw3cUs+R12NGSpNsvA==

"@pixi/mixin-cache-as-bitmap@7.0.4":
  version "7.0.4"
  resolved "https://registry.yarnpkg.com/@pixi/mixin-cache-as-bitmap/-/mixin-cache-as-bitmap-7.0.4.tgz#816e81b8ce1743aa1061035390189108ad6bc8b2"
  integrity sha512-ryNsgIQLWR2QkFAtiiCDvAySdZ6qwKGGGLqpVQ2/L0jN05oK8QgBjGYZWFasOe46Dk6cV0PEu8647blS2pkKHA==

"@pixi/mixin-get-child-by-name@7.0.4":
  version "7.0.4"
  resolved "https://registry.yarnpkg.com/@pixi/mixin-get-child-by-name/-/mixin-get-child-by-name-7.0.4.tgz#3533002ec7cb35854de169ae56739f71fba0af73"
  integrity sha512-XSZXkeIaxOdDeAFQd3LaGdwzy6o6xqW2YgoCU5SXbuz2IlP6Vw8wjD+Zj2Ci/l54/yrm5+Z7er7/8JoPp0hSTg==

"@pixi/mixin-get-global-position@7.0.4":
  version "7.0.4"
  resolved "https://registry.yarnpkg.com/@pixi/mixin-get-global-position/-/mixin-get-global-position-7.0.4.tgz#760d69be41f73e38a01146bd17812ab9d42ecffc"
  integrity sha512-qic8niPQpYr2yKmer6vJYmpCLIjhUl8gaYON7B2gLykyrG8KaAlnx9nP3l5oyWhJWuCGzoPebDg5VA67EOmBvA==

"@pixi/particle-container@7.0.4":
  version "7.0.4"
  resolved "https://registry.yarnpkg.com/@pixi/particle-container/-/particle-container-7.0.4.tgz#107faf78ec7dbd15aaa3b072c86ac583b2f6a692"
  integrity sha512-Njm8KUX5lCNhffc+pbNFXHZl0Lrl4QY9nctcLr3+I7yFe5O2M3jIEGnnBCKEP2L3FLKqD6YrfllYu3dIy3ts5Q==

"@pixi/prepare@7.0.4":
  version "7.0.4"
  resolved "https://registry.yarnpkg.com/@pixi/prepare/-/prepare-7.0.4.tgz#d5664665d8c2050bd72ed8be32c0867d8b194c3c"
  integrity sha512-xgM1VNQZRYsrl5ZZw67ALhn+580GqI9UO99yhmM1T3tMsLmpzy78Zpl8jmKEOFFnEGe+9TPwKU9dJnJwFywtQg==

"@pixi/runner@7.0.4":
  version "7.0.4"
  resolved "https://registry.yarnpkg.com/@pixi/runner/-/runner-7.0.4.tgz#cf1eea2307d0699aaa3be115ac27ff53c1e9d6d7"
  integrity sha512-XHtK2FyVk8sg/Uuww0SFVDUMpv0M5sj7zmTLXxgvlDuaHKimDl1d52j2w/N7y4DU8BpyAFTH3VgyTrAMsZBydw==

"@pixi/settings@7.0.4":
  version "7.0.4"
  resolved "https://registry.yarnpkg.com/@pixi/settings/-/settings-7.0.4.tgz#3a368367498d2a0530a74b0ee6f933d4b981e96e"
  integrity sha512-aEg0BYVLWVXcyUIGhnV0Gsxb/6g9nTaciKEBXm4C/7G10HgEuIrO56P/ccTPl3xcL5g6z417DcntuiNNSQ29Qg==
  dependencies:
    "@pixi/constants" "7.0.4"
    "@types/css-font-loading-module" "^0.0.7"

"@pixi/sprite-animated@7.0.4":
  version "7.0.4"
  resolved "https://registry.yarnpkg.com/@pixi/sprite-animated/-/sprite-animated-7.0.4.tgz#0a5b8fa188b666009534667657f0e8027e454a04"
  integrity sha512-cDhIg6jSkl4+U7oRnqSkoSlQ8h7GuWRt12DNlm/pMOwN6r7DjrVkbQH9cBHB3k6dZxp0SwhrLxXwtk6XoeNRPA==

"@pixi/sprite-tiling@7.0.4":
  version "7.0.4"
  resolved "https://registry.yarnpkg.com/@pixi/sprite-tiling/-/sprite-tiling-7.0.4.tgz#89e815b31dc75d498766231f3b3f7e482e81fde9"
  integrity sha512-3tzOjZr3fj7T/NfNRQP/fSaBrJvUh260rHdSlwANzc0DY8qNXprU2pEUO3YaIYWgp5ubq/Ls7XNwrWLPHZQraA==

"@pixi/sprite@7.0.4":
  version "7.0.4"
  resolved "https://registry.yarnpkg.com/@pixi/sprite/-/sprite-7.0.4.tgz#f2cabb8429dc0e784fd393d6fa5d6c275b8a8d5c"
  integrity sha512-Bj6pswIKfHdk5q0G14cBZF8XXyf0zHgUxpp53rD2+tDKf4Xm2/Uoy5p0Z1RZD6IzaFp44pKA21LYOPJrNxc1MA==

"@pixi/spritesheet@7.0.4":
  version "7.0.4"
  resolved "https://registry.yarnpkg.com/@pixi/spritesheet/-/spritesheet-7.0.4.tgz#0b55d27fb56de6045832fc3cc7893d6e1d56abff"
  integrity sha512-wWaymCrIXWVXq/tWc6mzHBs3iqiWULvApVQ/vbQTXU17O5tZFp36vmFewYVTMOJTWkRmDJg5VedPk1QmvQlL3g==

"@pixi/text-bitmap@7.0.4":
  version "7.0.4"
  resolved "https://registry.yarnpkg.com/@pixi/text-bitmap/-/text-bitmap-7.0.4.tgz#39cad5a5f3fb65ac82b9c4f2ac3053375a357d91"
  integrity sha512-Oi4pwpw11uUz9Ah/5JuXMqYjTQ/5wawXYsi1H0eayrU+w0vv8WKqvOPWjRZhixNgEsVHbwPMjYpXCecqQfg6gA==

"@pixi/text@7.0.4":
  version "7.0.4"
  resolved "https://registry.yarnpkg.com/@pixi/text/-/text-7.0.4.tgz#33749a202a357814dea826a5dff8e14d543212a8"
  integrity sha512-CaAgUNbbZ38E4+Ze1lZ2j4vtq4lWoOFprreUc+M+vshRkoS6JgxGTBO+Z9dutQzPfYaZFL7M+Q2reX5l78RU4g==

"@pixi/ticker@7.0.4":
  version "7.0.4"
  resolved "https://registry.yarnpkg.com/@pixi/ticker/-/ticker-7.0.4.tgz#211415f2d11e19cd2ef1cf49a1f5ec9ae70bc116"
  integrity sha512-0d1KjkftfJvwaVIv4h3KHYWvdHmSHt9yHgczmp9NzH+9i9sRQbmb7IK/WxFORYFfYbYrPpMVDOkrxvEAUosunw==
  dependencies:
    "@pixi/extensions" "7.0.4"
    "@pixi/settings" "7.0.4"

"@pixi/utils@7.0.4":
  version "7.0.4"
  resolved "https://registry.yarnpkg.com/@pixi/utils/-/utils-7.0.4.tgz#8292c0ad53d97a253398d53ad7365b1a3655a0fe"
  integrity sha512-fdPhfItjnwKgkb8l27zD4eCwGrSCa72kqYWEtwYayVNSh+l95krLQPZHrXR2HA7Rh97I8/4PUJBhIIcEaI962Q==
  dependencies:
    "@pixi/constants" "7.0.4"
    "@pixi/settings" "7.0.4"
    "@types/earcut" "^2.1.0"
    earcut "^2.2.4"
    eventemitter3 "^4.0.0"
    url "^0.11.0"

"@types/css-font-loading-module@^0.0.7":
  version "0.0.7"
  resolved "https://registry.yarnpkg.com/@types/css-font-loading-module/-/css-font-loading-module-0.0.7.tgz#2f98ede46acc0975de85c0b7b0ebe06041d24601"
  integrity sha512-nl09VhutdjINdWyXxHWN/w9zlNCfr60JUqJbd24YXUuCwgeL0TpFSdElCwb6cxfB6ybE19Gjj4g0jsgkXxKv1Q==

"@types/earcut@^2.1.0":
  version "2.1.1"
  resolved "https://registry.yarnpkg.com/@types/earcut/-/earcut-2.1.1.tgz#573a0af609f17005c751f6f4ffec49cfe358ea51"
  integrity sha512-w8oigUCDjElRHRRrMvn/spybSMyX8MTkKA5Dv+tS1IE/TgmNZPqUYtvYBXGY8cieSE66gm+szeK+bnbxC2xHTQ==

"@types/offscreencanvas@^2019.6.4":
  version "2019.7.0"
  resolved "https://registry.yarnpkg.com/@types/offscreencanvas/-/offscreencanvas-2019.7.0.tgz#e4a932069db47bb3eabeb0b305502d01586fa90d"
  integrity sha512-PGcyveRIpL1XIqK8eBsmRBt76eFgtzuPiSTyKHZxnGemp2yzGzWpjYKAfK3wIMiU7eH+851yEpiuP8JZerTmWg==

earcut@^2.2.4:
  version "2.2.4"
  resolved "https://registry.yarnpkg.com/earcut/-/earcut-2.2.4.tgz#6d02fd4d68160c114825d06890a92ecaae60343a"
  integrity sha512-/pjZsA1b4RPHbeWZQn66SWS8nZZWLQQ23oE3Eam7aroEFGEvwKAsJfZ9ytiEMycfzXWpca4FA9QIOehf7PocBQ==

esbuild-android-64@0.15.14:
  version "0.15.14"
  resolved "https://registry.yarnpkg.com/esbuild-android-64/-/esbuild-android-64-0.15.14.tgz#114e55b0d58fb7b45d7fa3d93516bd13fc8869cc"
  integrity sha512-HuilVIb4rk9abT4U6bcFdU35UHOzcWVGLSjEmC58OVr96q5UiRqzDtWjPlCMugjhgUGKEs8Zf4ueIvYbOStbIg==

esbuild-android-arm64@0.15.14:
  version "0.15.14"
  resolved "https://registry.yarnpkg.com/esbuild-android-arm64/-/esbuild-android-arm64-0.15.14.tgz#8541f38a9aacf88e574fb13f5ad4ca51a04c12bb"
  integrity sha512-/QnxRVxsR2Vtf3XottAHj7hENAMW2wCs6S+OZcAbc/8nlhbAL/bCQRCVD78VtI5mdwqWkVi3wMqM94kScQCgqg==

esbuild-darwin-64@0.15.14:
  version "0.15.14"
  resolved "https://registry.yarnpkg.com/esbuild-darwin-64/-/esbuild-darwin-64-0.15.14.tgz#b40b334db81ff1e3677a6712b23761748a157c57"
  integrity sha512-ToNuf1uifu8hhwWvoZJGCdLIX/1zpo8cOGnT0XAhDQXiKOKYaotVNx7pOVB1f+wHoWwTLInrOmh3EmA7Fd+8Vg==

esbuild-darwin-arm64@0.15.14:
  version "0.15.14"
  resolved "https://registry.yarnpkg.com/esbuild-darwin-arm64/-/esbuild-darwin-arm64-0.15.14.tgz#44b5c1477bb7bdb852dd905e906f68765e2828bc"
  integrity sha512-KgGP+y77GszfYJgceO0Wi/PiRtYo5y2Xo9rhBUpxTPaBgWDJ14gqYN0+NMbu+qC2fykxXaipHxN4Scaj9tUS1A==

esbuild-freebsd-64@0.15.14:
  version "0.15.14"
  resolved "https://registry.yarnpkg.com/esbuild-freebsd-64/-/esbuild-freebsd-64-0.15.14.tgz#8c57315d238690f34b6ed0c94e5cfc04c858247a"
  integrity sha512-xr0E2n5lyWw3uFSwwUXHc0EcaBDtsal/iIfLioflHdhAe10KSctV978Te7YsfnsMKzcoGeS366+tqbCXdqDHQA==

esbuild-freebsd-arm64@0.15.14:
  version "0.15.14"
  resolved "https://registry.yarnpkg.com/esbuild-freebsd-arm64/-/esbuild-freebsd-arm64-0.15.14.tgz#2e92acca09258daa849e635565f52469266f0b7b"
  integrity sha512-8XH96sOQ4b1LhMlO10eEWOjEngmZ2oyw3pW4o8kvBcpF6pULr56eeYVP5radtgw54g3T8nKHDHYEI5AItvskZg==

esbuild-linux-32@0.15.14:
  version "0.15.14"
  resolved "https://registry.yarnpkg.com/esbuild-linux-32/-/esbuild-linux-32-0.15.14.tgz#ca5ed3e9dff82df486ddde362d7e00775a597dfd"
  integrity sha512-6ssnvwaTAi8AzKN8By2V0nS+WF5jTP7SfuK6sStGnDP7MCJo/4zHgM9oE1eQTS2jPmo3D673rckuCzRlig+HMA==

esbuild-linux-64@0.15.14:
  version "0.15.14"
  resolved "https://registry.yarnpkg.com/esbuild-linux-64/-/esbuild-linux-64-0.15.14.tgz#42952e1d08a299d5f573c567639fb37b033befbf"
  integrity sha512-ONySx3U0wAJOJuxGUlXBWxVKFVpWv88JEv0NZ6NlHknmDd1yCbf4AEdClSgLrqKQDXYywmw4gYDvdLsS6z0hcw==

esbuild-linux-arm64@0.15.14:
  version "0.15.14"
  resolved "https://registry.yarnpkg.com/esbuild-linux-arm64/-/esbuild-linux-arm64-0.15.14.tgz#0c0d788099703327ec0ae70758cb2639ef6c5d88"
  integrity sha512-kle2Ov6a1e5AjlHlMQl1e+c4myGTeggrRzArQFmWp6O6JoqqB9hT+B28EW4tjFWgV/NxUq46pWYpgaWXsXRPAg==

esbuild-linux-arm@0.15.14:
  version "0.15.14"
  resolved "https://registry.yarnpkg.com/esbuild-linux-arm/-/esbuild-linux-arm-0.15.14.tgz#751a5ca5042cd60f669b07c3bcec3dd6c4f8151c"
  integrity sha512-D2LImAIV3QzL7lHURyCHBkycVFbKwkDb1XEUWan+2fb4qfW7qAeUtul7ZIcIwFKZgPcl+6gKZmvLgPSj26RQ2Q==

esbuild-linux-mips64le@0.15.14:
  version "0.15.14"
  resolved "https://registry.yarnpkg.com/esbuild-linux-mips64le/-/esbuild-linux-mips64le-0.15.14.tgz#da8ac35f2704de0b52bf53a99c12f604fbe9b916"
  integrity sha512-FVdMYIzOLXUq+OE7XYKesuEAqZhmAIV6qOoYahvUp93oXy0MOVTP370ECbPfGXXUdlvc0TNgkJa3YhEwyZ6MRA==

esbuild-linux-ppc64le@0.15.14:
  version "0.15.14"
  resolved "https://registry.yarnpkg.com/esbuild-linux-ppc64le/-/esbuild-linux-ppc64le-0.15.14.tgz#a315b5016917429080c3d32e03319f1ff876ac55"
  integrity sha512-2NzH+iuzMDA+jjtPjuIz/OhRDf8tzbQ1tRZJI//aT25o1HKc0reMMXxKIYq/8nSHXiJSnYV4ODzTiv45s+h73w==

esbuild-linux-riscv64@0.15.14:
  version "0.15.14"
  resolved "https://registry.yarnpkg.com/esbuild-linux-riscv64/-/esbuild-linux-riscv64-0.15.14.tgz#9f2e0a935e5086d398fc19c7ff5d217bfefe3e12"
  integrity sha512-VqxvutZNlQxmUNS7Ac+aczttLEoHBJ9e3OYGqnULrfipRvG97qLrAv9EUY9iSrRKBqeEbSvS9bSfstZqwz0T4Q==

esbuild-linux-s390x@0.15.14:
  version "0.15.14"
  resolved "https://registry.yarnpkg.com/esbuild-linux-s390x/-/esbuild-linux-s390x-0.15.14.tgz#53108112faff5a4e1bad17f7b0b0ffa1df4b7efb"
  integrity sha512-+KVHEUshX5n6VP6Vp/AKv9fZIl5kr2ph8EUFmQUJnDpHwcfTSn2AQgYYm0HTBR2Mr4d0Wlr0FxF/Cs5pbFgiOw==

esbuild-netbsd-64@0.15.14:
  version "0.15.14"
  resolved "https://registry.yarnpkg.com/esbuild-netbsd-64/-/esbuild-netbsd-64-0.15.14.tgz#5330efc41fe4f1c2bab5462bcfe7a4ffce7ba00a"
  integrity sha512-6D/dr17piEgevIm1xJfZP2SjB9Z+g8ERhNnBdlZPBWZl+KSPUKLGF13AbvC+nzGh8IxOH2TyTIdRMvKMP0nEzQ==

esbuild-openbsd-64@0.15.14:
  version "0.15.14"
  resolved "https://registry.yarnpkg.com/esbuild-openbsd-64/-/esbuild-openbsd-64-0.15.14.tgz#ee64944d863e937611fc31adf349e9bb4f5f7eac"
  integrity sha512-rREQBIlMibBetgr2E9Lywt2Qxv2ZdpmYahR4IUlAQ1Efv/A5gYdO0/VIN3iowDbCNTLxp0bb57Vf0LFcffD6kA==

esbuild-sunos-64@0.15.14:
  version "0.15.14"
  resolved "https://registry.yarnpkg.com/esbuild-sunos-64/-/esbuild-sunos-64-0.15.14.tgz#29b0b20de6fe6ef50f9fbe533ec20dc4b595f9aa"
  integrity sha512-DNVjSp/BY4IfwtdUAvWGIDaIjJXY5KI4uD82+15v6k/w7px9dnaDaJJ2R6Mu+KCgr5oklmFc0KjBjh311Gxl9Q==

esbuild-windows-32@0.15.14:
  version "0.15.14"
  resolved "https://registry.yarnpkg.com/esbuild-windows-32/-/esbuild-windows-32-0.15.14.tgz#05e9b159d664809f7a4a8a68ed048d193457b27d"
  integrity sha512-pHBWrcA+/oLgvViuG9FO3kNPO635gkoVrRQwe6ZY1S0jdET07xe2toUvQoJQ8KT3/OkxqUasIty5hpuKFLD+eg==

esbuild-windows-64@0.15.14:
  version "0.15.14"
  resolved "https://registry.yarnpkg.com/esbuild-windows-64/-/esbuild-windows-64-0.15.14.tgz#d5ae086728ab30b72969e40ed0a7a0d9082f2cdd"
  integrity sha512-CszIGQVk/P8FOS5UgAH4hKc9zOaFo69fe+k1rqgBHx3CSK3Opyk5lwYriIamaWOVjBt7IwEP6NALz+tkVWdFog==

esbuild-windows-arm64@0.15.14:
  version "0.15.14"
  resolved "https://registry.yarnpkg.com/esbuild-windows-arm64/-/esbuild-windows-arm64-0.15.14.tgz#8eb50ab9a0ecaf058593fbad17502749306f801d"
  integrity sha512-KW9W4psdZceaS9A7Jsgl4WialOznSURvqX/oHZk3gOP7KbjtHLSsnmSvNdzagGJfxbAe30UVGXRe8q8nDsOSQw==

esbuild@^0.15.9:
  version "0.15.14"
  resolved "https://registry.yarnpkg.com/esbuild/-/esbuild-0.15.14.tgz#09202b811f1710363d5088a3401a351351c79875"
  integrity sha512-pJN8j42fvWLFWwSMG4luuupl2Me7mxciUOsMegKvwCmhEbJ2covUdFnihxm0FMIBV+cbwbtMoHgMCCI+pj1btQ==
  optionalDependencies:
    "@esbuild/android-arm" "0.15.14"
    "@esbuild/linux-loong64" "0.15.14"
    esbuild-android-64 "0.15.14"
    esbuild-android-arm64 "0.15.14"
    esbuild-darwin-64 "0.15.14"
    esbuild-darwin-arm64 "0.15.14"
    esbuild-freebsd-64 "0.15.14"
    esbuild-freebsd-arm64 "0.15.14"
    esbuild-linux-32 "0.15.14"
    esbuild-linux-64 "0.15.14"
    esbuild-linux-arm "0.15.14"
    esbuild-linux-arm64 "0.15.14"
    esbuild-linux-mips64le "0.15.14"
    esbuild-linux-ppc64le "0.15.14"
    esbuild-linux-riscv64 "0.15.14"
    esbuild-linux-s390x "0.15.14"
    esbuild-netbsd-64 "0.15.14"
    esbuild-openbsd-64 "0.15.14"
    esbuild-sunos-64 "0.15.14"
    esbuild-windows-32 "0.15.14"
    esbuild-windows-64 "0.15.14"
    esbuild-windows-arm64 "0.15.14"

eventemitter3@^4.0.0:
  version "4.0.7"
  resolved "https://registry.yarnpkg.com/eventemitter3/-/eventemitter3-4.0.7.tgz#2de9b68f6528d5644ef5c59526a1b4a07306169f"
  integrity sha512-8guHBZCwKnFhYdHr2ysuRWErTwhoN2X8XELRlrRwpmfeY2jjuUN4taQMsULKUVo1K4DvZl+0pgfyoysHxvmvEw==

fsevents@~2.3.2:
  version "2.3.2"
  resolved "https://registry.yarnpkg.com/fsevents/-/fsevents-2.3.2.tgz#8a526f78b8fdf4623b709e0b975c52c24c02fd1a"
  integrity sha512-xiqMQR4xAeHTuB9uWm+fFRcIOgKBMiOBP+eXiyT7jsgVCq1bkVygt00oASowB7EdtpOHaaPgKt812P9ab+DDKA==

function-bind@^1.1.1:
  version "1.1.1"
  resolved "https://registry.yarnpkg.com/function-bind/-/function-bind-1.1.1.tgz#a56899d3ea3c9bab874bb9773b7c5ede92f4895d"
  integrity sha512-yIovAzMX49sF8Yl58fSCWJ5svSLuaibPxXQJFLmBObTuCr0Mf1KiPopGM9NiFjiYBCbfaa2Fh6breQ6ANVTI0A==

has@^1.0.3:
  version "1.0.3"
  resolved "https://registry.yarnpkg.com/has/-/has-1.0.3.tgz#722d7cbfc1f6aa8241f16dd814e011e1f41e8796"
  integrity sha512-f2dvO0VU6Oej7RkWJGrehjbzMAjFp5/VKPp5tTpWIV4JHHZK1/BxbFRtf/siA2SWTe09caDmVtYYzWEIbBS4zw==
  dependencies:
    function-bind "^1.1.1"

is-core-module@^2.9.0:
  version "2.11.0"
  resolved "https://registry.yarnpkg.com/is-core-module/-/is-core-module-2.11.0.tgz#ad4cb3e3863e814523c96f3f58d26cc570ff0144"
  integrity sha512-RRjxlvLDkD1YJwDbroBHMb+cukurkDWNyHx7D3oNB5x9rb5ogcksMC5wHCadcXoo67gVr/+3GFySh3134zi6rw==
  dependencies:
    has "^1.0.3"

nanoid@^3.3.4:
  version "3.3.4"
  resolved "https://registry.yarnpkg.com/nanoid/-/nanoid-3.3.4.tgz#730b67e3cd09e2deacf03c027c81c9d9dbc5e8ab"
  integrity sha512-MqBkQh/OHTS2egovRtLk45wEyNXwF+cokD+1YPf9u5VfJiRdAiRwB2froX5Co9Rh20xs4siNPm8naNotSD6RBw==

path-parse@^1.0.7:
  version "1.0.7"
  resolved "https://registry.yarnpkg.com/path-parse/-/path-parse-1.0.7.tgz#fbc114b60ca42b30d9daf5858e4bd68bbedb6735"
  integrity sha512-LDJzPVEEEPR+y48z93A0Ed0yXb8pAByGWo/k5YYdYgpY2/2EsOsksJrq7lOHxryrVOn1ejG6oAp8ahvOIQD8sw==

picocolors@^1.0.0:
  version "1.0.0"
  resolved "https://registry.yarnpkg.com/picocolors/-/picocolors-1.0.0.tgz#cb5bdc74ff3f51892236eaf79d68bc44564ab81c"
  integrity sha512-1fygroTLlHu66zi26VoTDv8yRgm0Fccecssto+MhsZ0D/DGW2sm8E8AjW7NU5VVTRt5GxbeZ5qBuJr+HyLYkjQ==

pixi.js@^7.0.4:
  version "7.0.4"
  resolved "https://registry.yarnpkg.com/pixi.js/-/pixi.js-7.0.4.tgz#4bd8dc620aa407b2220de328c55da3d0a5730ab5"
  integrity sha512-5j9AVVNjPfuUK7HDvkoOGbMwZiQvBZORLpjR3Rl+hr88unXs92/Ud4e2Px7pnSDQfxHiGzKwbiMFuvTL94Yk6g==
  dependencies:
    "@pixi/accessibility" "7.0.4"
    "@pixi/app" "7.0.4"
    "@pixi/assets" "7.0.4"
    "@pixi/compressed-textures" "7.0.4"
    "@pixi/core" "7.0.4"
    "@pixi/display" "7.0.4"
    "@pixi/events" "7.0.4"
    "@pixi/extensions" "7.0.4"
    "@pixi/extract" "7.0.4"
    "@pixi/filter-alpha" "7.0.4"
    "@pixi/filter-blur" "7.0.4"
    "@pixi/filter-color-matrix" "7.0.4"
    "@pixi/filter-displacement" "7.0.4"
    "@pixi/filter-fxaa" "7.0.4"
    "@pixi/filter-noise" "7.0.4"
    "@pixi/graphics" "7.0.4"
    "@pixi/mesh" "7.0.4"
    "@pixi/mesh-extras" "7.0.4"
    "@pixi/mixin-cache-as-bitmap" "7.0.4"
    "@pixi/mixin-get-child-by-name" "7.0.4"
    "@pixi/mixin-get-global-position" "7.0.4"
    "@pixi/particle-container" "7.0.4"
    "@pixi/prepare" "7.0.4"
    "@pixi/sprite" "7.0.4"
    "@pixi/sprite-animated" "7.0.4"
    "@pixi/sprite-tiling" "7.0.4"
    "@pixi/spritesheet" "7.0.4"
    "@pixi/text" "7.0.4"
    "@pixi/text-bitmap" "7.0.4"

postcss@^8.4.18:
  version "8.4.19"
  resolved "https://registry.yarnpkg.com/postcss/-/postcss-8.4.19.tgz#61178e2add236b17351897c8bcc0b4c8ecab56fc"
  integrity sha512-h+pbPsyhlYj6N2ozBmHhHrs9DzGmbaarbLvWipMRO7RLS+v4onj26MPFXA5OBYFxyqYhUJK456SwDcY9H2/zsA==
  dependencies:
    nanoid "^3.3.4"
    picocolors "^1.0.0"
    source-map-js "^1.0.2"

punycode@1.3.2:
  version "1.3.2"
  resolved "https://registry.yarnpkg.com/punycode/-/punycode-1.3.2.tgz#9653a036fb7c1ee42342f2325cceefea3926c48d"
  integrity sha512-RofWgt/7fL5wP1Y7fxE7/EmTLzQVnB0ycyibJ0OOHIlJqTNzglYFxVwETOcIoJqJmpDXJ9xImDv+Fq34F/d4Dw==

querystring@0.2.0:
  version "0.2.0"
  resolved "https://registry.yarnpkg.com/querystring/-/querystring-0.2.0.tgz#b209849203bb25df820da756e747005878521620"
  integrity sha512-X/xY82scca2tau62i9mDyU9K+I+djTMUsvwf7xnUX5GLvVzgJybOJf4Y6o9Zx3oJK/LSXg5tTZBjwzqVPaPO2g==

resolve@^1.22.1:
  version "1.22.1"
  resolved "https://registry.yarnpkg.com/resolve/-/resolve-1.22.1.tgz#27cb2ebb53f91abb49470a928bba7558066ac177"
  integrity sha512-nBpuuYuY5jFsli/JIs1oldw6fOQCBioohqWZg/2hiaOybXOft4lonv85uDOKXdf8rhyK159cxU5cDcK/NKk8zw==
  dependencies:
    is-core-module "^2.9.0"
    path-parse "^1.0.7"
    supports-preserve-symlinks-flag "^1.0.0"

rollup@^2.79.1:
  version "2.79.1"
  resolved "https://registry.yarnpkg.com/rollup/-/rollup-2.79.1.tgz#bedee8faef7c9f93a2647ac0108748f497f081c7"
  integrity sha512-uKxbd0IhMZOhjAiD5oAFp7BqvkA4Dv47qpOCtaNvng4HBwdbWtdOh8f5nZNuk2rp51PMGk3bzfWu5oayNEuYnw==
  optionalDependencies:
    fsevents "~2.3.2"

source-map-js@^1.0.2:
  version "1.0.2"
  resolved "https://registry.yarnpkg.com/source-map-js/-/source-map-js-1.0.2.tgz#adbc361d9c62df380125e7f161f71c826f1e490c"
  integrity sha512-R0XvVJ9WusLiqTCEiGCmICCMplcCkIwwR11mOSD9CR5u+IXYdiseeEuXCVAjS54zqwkLcPNnmU4OeJ6tUrWhDw==

supports-preserve-symlinks-flag@^1.0.0:
  version "1.0.0"
  resolved "https://registry.yarnpkg.com/supports-preserve-symlinks-flag/-/supports-preserve-symlinks-flag-1.0.0.tgz#6eda4bd344a3c94aea376d4cc31bc77311039e09"
  integrity sha512-ot0WnXS9fgdkgIcePe6RHNk1WA8+muPa6cSjeR3V8K27q9BB1rTE3R1p7Hv0z1ZyAc8s6Vvv8DIyWf681MAt0w==

typescript@^4.6.4:
  version "4.9.3"
  resolved "https://registry.yarnpkg.com/typescript/-/typescript-4.9.3.tgz#3aea307c1746b8c384435d8ac36b8a2e580d85db"
  integrity sha512-CIfGzTelbKNEnLpLdGFgdyKhG23CKdKgQPOBc+OUNrkJ2vr+KSzsSV5kq5iWhEQbok+quxgGzrAtGWCyU7tHnA==

url@^0.11.0:
  version "0.11.0"
  resolved "https://registry.yarnpkg.com/url/-/url-0.11.0.tgz#3838e97cfc60521eb73c525a8e55bfdd9e2e28f1"
  integrity sha512-kbailJa29QrtXnxgq+DdCEGlbTeYM2eJUxsz6vjZavrCYPMIFHMKQmSKYAIuUK2i7hgPm28a8piX5NTUtM/LKQ==
  dependencies:
    punycode "1.3.2"
    querystring "0.2.0"

vite@^3.2.3:
  version "3.2.4"
  resolved "https://registry.yarnpkg.com/vite/-/vite-3.2.4.tgz#d8c7892dd4268064e04fffbe7d866207dd24166e"
  integrity sha512-Z2X6SRAffOUYTa+sLy3NQ7nlHFU100xwanq1WDwqaiFiCe+25zdxP1TfCS5ojPV2oDDcXudHIoPnI1Z/66B7Yw==
  dependencies:
    esbuild "^0.15.9"
    postcss "^8.4.18"
    resolve "^1.22.1"
    rollup "^2.79.1"
  optionalDependencies:
    fsevents "~2.3.2"
